{
  "object": {
    "pins": [
      {
        "package": "BencodingKit",
        "repositoryURL": "https://github.com/Samasaur1/BencodingKit",
        "state": {
          "branch": null,
          "revision": "70dafbf334fb401109c8bf5aa2b10dbb19e69a9f",
          "version": "1.0.0"
        }
      },
      {
        "package": "Socket",
        "repositoryURL": "https://github.com/Kitura/BlueSocket",
        "state": {
          "branch": null,
          "revision": "dd924c3bc2c1c144c42b8dda3896f1a03115ded4",
          "version": "2.0.2"
        }
      },
      {
        "package": "swift-argument-parser",
        "repositoryURL": "https://github.com/apple/swift-argument-parser",
        "state": {
          "branch": null,
          "revision": "6b2aa2748a7881eebb9f84fb10c01293e15b52ca",
          "version": "0.5.0"
        }
      },
      {
        "package": "TorrentKit",
        "repositoryURL": "/Users/sam/Desktop/Files/Stormbreaker_Software/TorrentKit",
        "state": {
          "branch": "latest",
          "revision": "91ad84d48470722d332f973ead250817a402c583",
          "version": null
        }
      }
    ]
  },
  "version": 1
}
